// !$*UTF8*$!
{
	archiveVersion = 1;
	classes = {
	};
	objectVersion = 45;
	objects = {

/* Begin PBXBuildFile section */
		1DDD58160DA1D0A300B32029 /* MainMenu.xib in Resources */ = {isa = PBXBuildFile; fileRef = 1DDD58140DA1D0A300B32029 /* MainMenu.xib */; };
		8D11072B0486CEB800E47090 /* InfoPlist.strings in Resources */ = {isa = PBXBuildFile; fileRef = 089C165CFE840E0CC02AAC07 /* InfoPlist.strings */; };
		8D11072D0486CEB800E47090 /* main.m in Sources */ = {isa = PBXBuildFile; fileRef = 29B97316FDCFA39411CA2CEA /* main.m */; settings = {ATTRIBUTES = (); }; };
		8D11072F0486CEB800E47090 /* Cocoa.framework in Frameworks */ = {isa = PBXBuildFile; fileRef = 1058C7A1FEA54F0111CA2CBB /* Cocoa.framework */; };
		9B2059C70FD83B0E001CD2DF /* ORXml.framework in Frameworks */ = {isa = PBXBuildFile; fileRef = 9B846AC10FD6FB6E00F2268B /* ORXml.framework */; };
		9B2059E10FD83C27001CD2DF /* ORXml.framework in CopyFiles */ = {isa = PBXBuildFile; fileRef = 9B846AC10FD6FB6E00F2268B /* ORXml.framework */; };
		9B205A2C0FD83E5C001CD2DF /* ORLibXmlReader.h in Headers */ = {isa = PBXBuildFile; fileRef = 9B205A2A0FD83E5C001CD2DF /* ORLibXmlReader.h */; };
		9B205A2D0FD83E5C001CD2DF /* ORLibXmlReader.m in Sources */ = {isa = PBXBuildFile; fileRef = 9B205A2B0FD83E5C001CD2DF /* ORLibXmlReader.m */; };
		9B846AB60FD6FAD600F2268B /* Test.m in Sources */ = {isa = PBXBuildFile; fileRef = 9B846AB20FD6FAD600F2268B /* Test.m */; };
		9B846AB70FD6FAD600F2268B /* Adress.m in Sources */ = {isa = PBXBuildFile; fileRef = 9B846AB30FD6FAD600F2268B /* Adress.m */; };
		9B846AC90FD6FBE400F2268B /* ORXMLSerializer.m in Sources */ = {isa = PBXBuildFile; fileRef = 9B846AB40FD6FAD600F2268B /* ORXMLSerializer.m */; };
		9B846ACB0FD6FBF800F2268B /* ORXMLSerializer.h in Headers */ = {isa = PBXBuildFile; fileRef = 9B846AB10FD6FAD600F2268B /* ORXMLSerializer.h */; settings = {ATTRIBUTES = (Public, ); }; };
		9B846AD40FD6FC7500F2268B /* Cocoa.framework in Frameworks */ = {isa = PBXBuildFile; fileRef = 1058C7A1FEA54F0111CA2CBB /* Cocoa.framework */; };
		9B846AD70FD6FCA600F2268B /* AppDelegate.m in Sources */ = {isa = PBXBuildFile; fileRef = 9B846AD60FD6FCA600F2268B /* AppDelegate.m */; };
		9B846AE30FD6FDC900F2268B /* libxml2.2.dylib in Frameworks */ = {isa = PBXBuildFile; fileRef = 9B846AE20FD6FDC900F2268B /* libxml2.2.dylib */; };
		9B846B290FD6FFA600F2268B /* TestFile.xml in Resources */ = {isa = PBXBuildFile; fileRef = 9B846B280FD6FFA600F2268B /* TestFile.xml */; };
		9B8A6A790FD9775F00696B99 /* ORRuntime.m in Sources */ = {isa = PBXBuildFile; fileRef = 9B8A6A740FD9775F00696B99 /* ORRuntime.m */; };
		9B8A6A7A0FD9775F00696B99 /* NSString+FormatCategory.m in Sources */ = {isa = PBXBuildFile; fileRef = 9B8A6A750FD9775F00696B99 /* NSString+FormatCategory.m */; };
		9B8A6A7B0FD9775F00696B99 /* ORXMLError.h in Headers */ = {isa = PBXBuildFile; fileRef = 9B8A6A760FD9775F00696B99 /* ORXMLError.h */; };
		9B8A6A7C0FD9775F00696B99 /* NSString+FormatCategory.h in Headers */ = {isa = PBXBuildFile; fileRef = 9B8A6A770FD9775F00696B99 /* NSString+FormatCategory.h */; };
		9B8A6A7D0FD9775F00696B99 /* ORRuntime.h in Headers */ = {isa = PBXBuildFile; fileRef = 9B8A6A780FD9775F00696B99 /* ORRuntime.h */; };
		9B8A6A940FD9798100696B99 /* ORXMLDriver.h in Headers */ = {isa = PBXBuildFile; fileRef = 9B8A6A930FD9798100696B99 /* ORXMLDriver.h */; };
		9B8A6A960FD979D500696B99 /* ORXMLWriter.h in Headers */ = {isa = PBXBuildFile; fileRef = 9B8A6A950FD979D500696B99 /* ORXMLWriter.h */; };
		9B8A6AA80FD97B0900696B99 /* ORXMLReader.h in Headers */ = {isa = PBXBuildFile; fileRef = 9B8A6AA70FD97B0900696B99 /* ORXMLReader.h */; };
		9B8A6AB00FD97D3F00696B99 /* ORLibXmlDriver.h in Headers */ = {isa = PBXBuildFile; fileRef = 9B8A6AAE0FD97D3F00696B99 /* ORLibXmlDriver.h */; };
		9B8A6AB10FD97D3F00696B99 /* ORLibXmlDriver.m in Sources */ = {isa = PBXBuildFile; fileRef = 9B8A6AAF0FD97D3F00696B99 /* ORLibXmlDriver.m */; };
		9B8A6B330FD9829300696B99 /* ORLibXmlWriter.h in Headers */ = {isa = PBXBuildFile; fileRef = 9B8A6B310FD9829300696B99 /* ORLibXmlWriter.h */; };
		9B8A6B340FD9829300696B99 /* ORLibXmlWriter.m in Sources */ = {isa = PBXBuildFile; fileRef = 9B8A6B320FD9829300696B99 /* ORLibXmlWriter.m */; };
		9BA4A6F21046F40100AF29DF /* ORMarshallingStrategy.h in Headers */ = {isa = PBXBuildFile; fileRef = 9BA4A6F11046F40100AF29DF /* ORMarshallingStrategy.h */; };
		9BA4A6F91046F5A100AF29DF /* ORTreeMarshallingStrategy.h in Headers */ = {isa = PBXBuildFile; fileRef = 9BA4A6F71046F5A100AF29DF /* ORTreeMarshallingStrategy.h */; };
		9BA4A6FA1046F5A100AF29DF /* ORTreeMarshallingStrategy.m in Sources */ = {isa = PBXBuildFile; fileRef = 9BA4A6F81046F5A100AF29DF /* ORTreeMarshallingStrategy.m */; };
		9BA4A7891047040000AF29DF /* ORTreeMarshaller.h in Headers */ = {isa = PBXBuildFile; fileRef = 9BA4A7871047040000AF29DF /* ORTreeMarshaller.h */; };
		9BA4A78A1047040000AF29DF /* ORTreeMarshaller.m in Sources */ = {isa = PBXBuildFile; fileRef = 9BA4A7881047040000AF29DF /* ORTreeMarshaller.m */; };
		9BA6ED6910502279003392EE /* ORDefaultObjectConverter.h in Headers */ = {isa = PBXBuildFile; fileRef = 9BA6ED6710502279003392EE /* ORDefaultObjectConverter.h */; };
		9BA6ED6A10502279003392EE /* ORDefaultObjectConverter.m in Sources */ = {isa = PBXBuildFile; fileRef = 9BA6ED6810502279003392EE /* ORDefaultObjectConverter.m */; };
		9BC0692E104C524C0050746A /* ORDataContext.h in Headers */ = {isa = PBXBuildFile; fileRef = 9BC0692C104C524C0050746A /* ORDataContext.h */; };
		9BC0692F104C524C0050746A /* ORDataContext.m in Sources */ = {isa = PBXBuildFile; fileRef = 9BC0692D104C524C0050746A /* ORDataContext.m */; };
		9BC06A6E104DB7E40050746A /* Library.m in Sources */ = {isa = PBXBuildFile; fileRef = 9BC06A6D104DB7E40050746A /* Library.m */; };
		9BC06AA0104DC1650050746A /* ORDataDictionary.h in Headers */ = {isa = PBXBuildFile; fileRef = 9BC06A9E104DC1650050746A /* ORDataDictionary.h */; };
		9BC06AA1104DC1650050746A /* ORDataDictionary.m in Sources */ = {isa = PBXBuildFile; fileRef = 9BC06A9F104DC1650050746A /* ORDataDictionary.m */; };
		9BC52B36104831DA00DC0B8B /* ORTreeUnmarshaller.h in Headers */ = {isa = PBXBuildFile; fileRef = 9BC52B34104831DA00DC0B8B /* ORTreeUnmarshaller.h */; };
		9BC52B37104831DA00DC0B8B /* ORTreeUnmarshaller.m in Sources */ = {isa = PBXBuildFile; fileRef = 9BC52B35104831DA00DC0B8B /* ORTreeUnmarshaller.m */; };
		9BDDE18C0FDD8F8500D1312B /* ORXmlException.h in Headers */ = {isa = PBXBuildFile; fileRef = 9BDDE18A0FDD8F8500D1312B /* ORXmlException.h */; settings = {ATTRIBUTES = (Public, ); }; };
		9BDDE18D0FDD8F8500D1312B /* ORXmlException.m in Sources */ = {isa = PBXBuildFile; fileRef = 9BDDE18B0FDD8F8500D1312B /* ORXmlException.m */; };
		9BDDE1A20FDD979000D1312B /* ORLibXmlNode.h in Headers */ = {isa = PBXBuildFile; fileRef = 9BDDE1A00FDD979000D1312B /* ORLibXmlNode.h */; };
		9BDDE1A30FDD979000D1312B /* ORLibXmlNode.m in Sources */ = {isa = PBXBuildFile; fileRef = 9BDDE1A10FDD979000D1312B /* ORLibXmlNode.m */; };
		9BDDE20E0FDD9E5300D1312B /* ORStack.h in Headers */ = {isa = PBXBuildFile; fileRef = 9BDDE20C0FDD9E5300D1312B /* ORStack.h */; };
		9BDDE20F0FDD9E5300D1312B /* ORStack.m in Sources */ = {isa = PBXBuildFile; fileRef = 9BDDE20D0FDD9E5300D1312B /* ORStack.m */; };
		9BF5D0B81045C993005966E2 /* ORConverterMatcher.h in Headers */ = {isa = PBXBuildFile; fileRef = 9BF5D0B71045C993005966E2 /* ORConverterMatcher.h */; };
		9BF5D0BA1045CA2B005966E2 /* ORSingleValueConverter.h in Headers */ = {isa = PBXBuildFile; fileRef = 9BF5D0B91045CA2B005966E2 /* ORSingleValueConverter.h */; };
		9BF5D0BE1045CABB005966E2 /* ORConverter.h in Headers */ = {isa = PBXBuildFile; fileRef = 9BF5D0BD1045CABB005966E2 /* ORConverter.h */; };
		9BF5D0C11045CBD6005966E2 /* ORContext.h in Headers */ = {isa = PBXBuildFile; fileRef = 9BF5D0C01045CBD6005966E2 /* ORContext.h */; };
		9BF5D0C31045CC7C005966E2 /* ORMarshallingContext.h in Headers */ = {isa = PBXBuildFile; fileRef = 9BF5D0C21045CC7C005966E2 /* ORMarshallingContext.h */; };
		9BF5D0C51045CCB8005966E2 /* ORUnmarshallingContext.h in Headers */ = {isa = PBXBuildFile; fileRef = 9BF5D0C41045CCB8005966E2 /* ORUnmarshallingContext.h */; };
		9BF5D0CD1045CFEC005966E2 /* ORConverterProvider.h in Headers */ = {isa = PBXBuildFile; fileRef = 9BF5D0CC1045CFEC005966E2 /* ORConverterProvider.h */; };
		9BF5D0CF1045D043005966E2 /* ORConverterRegistry.h in Headers */ = {isa = PBXBuildFile; fileRef = 9BF5D0CE1045D043005966E2 /* ORConverterRegistry.h */; };
		9BF5D0D31045D100005966E2 /* ORDefaultConverterProvider.h in Headers */ = {isa = PBXBuildFile; fileRef = 9BF5D0D11045D100005966E2 /* ORDefaultConverterProvider.h */; };
		9BF5D0D41045D100005966E2 /* ORDefaultConverterProvider.m in Sources */ = {isa = PBXBuildFile; fileRef = 9BF5D0D21045D100005966E2 /* ORDefaultConverterProvider.m */; };
		9BF5D0D81045D220005966E2 /* ORMapper.h in Headers */ = {isa = PBXBuildFile; fileRef = 9BF5D0D61045D220005966E2 /* ORMapper.h */; };
		9BF5D0D91045D220005966E2 /* ORMapper.m in Sources */ = {isa = PBXBuildFile; fileRef = 9BF5D0D71045D220005966E2 /* ORMapper.m */; };
/* End PBXBuildFile section */

/* Begin PBXContainerItemProxy section */
		9B846AC70FD6FBCF00F2268B /* PBXContainerItemProxy */ = {
			isa = PBXContainerItemProxy;
			containerPortal = 29B97313FDCFA39411CA2CEA /* Project object */;
			proxyType = 1;
			remoteGlobalIDString = 9B846AC00FD6FB6E00F2268B;
			remoteInfo = ORXml;
		};
/* End PBXContainerItemProxy section */

/* Begin PBXCopyFilesBuildPhase section */
		9B2059D10FD83B3B001CD2DF /* CopyFiles */ = {
			isa = PBXCopyFilesBuildPhase;
			buildActionMask = 2147483647;
			dstPath = "";
			dstSubfolderSpec = 10;
			files = (
				9B2059E10FD83C27001CD2DF /* ORXml.framework in CopyFiles */,
			);
			runOnlyForDeploymentPostprocessing = 0;
		};
/* End PBXCopyFilesBuildPhase section */

/* Begin PBXFileReference section */
		089C165DFE840E0CC02AAC07 /* English */ = {isa = PBXFileReference; fileEncoding = 10; lastKnownFileType = text.plist.strings; name = English; path = English.lproj/InfoPlist.strings; sourceTree = "<group>"; };
		1058C7A1FEA54F0111CA2CBB /* Cocoa.framework */ = {isa = PBXFileReference; lastKnownFileType = wrapper.framework; name = Cocoa.framework; path = /System/Library/Frameworks/Cocoa.framework; sourceTree = "<absolute>"; };
		13E42FB307B3F0F600E4EEF1 /* CoreData.framework */ = {isa = PBXFileReference; lastKnownFileType = wrapper.framework; name = CoreData.framework; path = /System/Library/Frameworks/CoreData.framework; sourceTree = "<absolute>"; };
		1DDD58150DA1D0A300B32029 /* English */ = {isa = PBXFileReference; lastKnownFileType = file.xib; name = English; path = English.lproj/MainMenu.xib; sourceTree = "<group>"; };
		29B97316FDCFA39411CA2CEA /* main.m */ = {isa = PBXFileReference; fileEncoding = 4; lastKnownFileType = sourcecode.c.objc; path = main.m; sourceTree = "<group>"; };
		29B97324FDCFA39411CA2CEA /* AppKit.framework */ = {isa = PBXFileReference; lastKnownFileType = wrapper.framework; name = AppKit.framework; path = /System/Library/Frameworks/AppKit.framework; sourceTree = "<absolute>"; };
		29B97325FDCFA39411CA2CEA /* Foundation.framework */ = {isa = PBXFileReference; lastKnownFileType = wrapper.framework; name = Foundation.framework; path = /System/Library/Frameworks/Foundation.framework; sourceTree = "<absolute>"; };
		32CA4F630368D1EE00C91783 /* ORXmlApp_Prefix.pch */ = {isa = PBXFileReference; fileEncoding = 4; lastKnownFileType = sourcecode.c.h; path = ORXmlApp_Prefix.pch; sourceTree = "<group>"; };
		8D1107310486CEB800E47090 /* Info.plist */ = {isa = PBXFileReference; fileEncoding = 4; lastKnownFileType = text.plist.xml; path = Info.plist; sourceTree = "<group>"; };
		8D1107320486CEB800E47090 /* ORXmlApp.app */ = {isa = PBXFileReference; explicitFileType = wrapper.application; includeInIndex = 0; path = ORXmlApp.app; sourceTree = BUILT_PRODUCTS_DIR; };
		9B1A6C320FD868FA0088E7E7 /* license.txt */ = {isa = PBXFileReference; fileEncoding = 4; lastKnownFileType = text; path = license.txt; sourceTree = "<group>"; };
		9B205A2A0FD83E5C001CD2DF /* ORLibXmlReader.h */ = {isa = PBXFileReference; fileEncoding = 4; lastKnownFileType = sourcecode.c.h; path = ORLibXmlReader.h; sourceTree = "<group>"; };
		9B205A2B0FD83E5C001CD2DF /* ORLibXmlReader.m */ = {isa = PBXFileReference; fileEncoding = 4; lastKnownFileType = sourcecode.c.objc; path = ORLibXmlReader.m; sourceTree = "<group>"; };
		9B846AB00FD6FAD500F2268B /* Test.h */ = {isa = PBXFileReference; fileEncoding = 4; lastKnownFileType = sourcecode.c.h; path = Test.h; sourceTree = "<group>"; };
		9B846AB10FD6FAD600F2268B /* ORXMLSerializer.h */ = {isa = PBXFileReference; fileEncoding = 4; lastKnownFileType = sourcecode.c.h; path = ORXMLSerializer.h; sourceTree = "<group>"; };
		9B846AB20FD6FAD600F2268B /* Test.m */ = {isa = PBXFileReference; fileEncoding = 4; lastKnownFileType = sourcecode.c.objc; path = Test.m; sourceTree = "<group>"; };
		9B846AB30FD6FAD600F2268B /* Adress.m */ = {isa = PBXFileReference; fileEncoding = 4; lastKnownFileType = sourcecode.c.objc; path = Adress.m; sourceTree = "<group>"; };
		9B846AB40FD6FAD600F2268B /* ORXMLSerializer.m */ = {isa = PBXFileReference; fileEncoding = 4; lastKnownFileType = sourcecode.c.objc; path = ORXMLSerializer.m; sourceTree = "<group>"; };
		9B846AB50FD6FAD600F2268B /* Adress.h */ = {isa = PBXFileReference; fileEncoding = 4; lastKnownFileType = sourcecode.c.h; path = Adress.h; sourceTree = "<group>"; };
		9B846AC10FD6FB6E00F2268B /* ORXml.framework */ = {isa = PBXFileReference; explicitFileType = wrapper.framework; includeInIndex = 0; path = ORXml.framework; sourceTree = BUILT_PRODUCTS_DIR; };
		9B846AC20FD6FB6E00F2268B /* ORXml-Info.plist */ = {isa = PBXFileReference; lastKnownFileType = text.plist.xml; path = "ORXml-Info.plist"; sourceTree = "<group>"; };
		9B846AD50FD6FCA600F2268B /* AppDelegate.h */ = {isa = PBXFileReference; fileEncoding = 4; lastKnownFileType = sourcecode.c.h; path = AppDelegate.h; sourceTree = "<group>"; };
		9B846AD60FD6FCA600F2268B /* AppDelegate.m */ = {isa = PBXFileReference; fileEncoding = 4; lastKnownFileType = sourcecode.c.objc; path = AppDelegate.m; sourceTree = "<group>"; };
		9B846AE20FD6FDC900F2268B /* libxml2.2.dylib */ = {isa = PBXFileReference; lastKnownFileType = "compiled.mach-o.dylib"; name = libxml2.2.dylib; path = usr/lib/libxml2.2.dylib; sourceTree = SDKROOT; };
		9B846B280FD6FFA600F2268B /* TestFile.xml */ = {isa = PBXFileReference; fileEncoding = 4; lastKnownFileType = text.xml; path = TestFile.xml; sourceTree = "<group>"; };
		9B8A6A740FD9775F00696B99 /* ORRuntime.m */ = {isa = PBXFileReference; fileEncoding = 4; lastKnownFileType = sourcecode.c.objc; path = ORRuntime.m; sourceTree = "<group>"; };
		9B8A6A750FD9775F00696B99 /* NSString+FormatCategory.m */ = {isa = PBXFileReference; fileEncoding = 4; lastKnownFileType = sourcecode.c.objc; path = "NSString+FormatCategory.m"; sourceTree = "<group>"; };
		9B8A6A760FD9775F00696B99 /* ORXMLError.h */ = {isa = PBXFileReference; fileEncoding = 4; lastKnownFileType = sourcecode.c.h; path = ORXMLError.h; sourceTree = "<group>"; };
		9B8A6A770FD9775F00696B99 /* NSString+FormatCategory.h */ = {isa = PBXFileReference; fileEncoding = 4; lastKnownFileType = sourcecode.c.h; path = "NSString+FormatCategory.h"; sourceTree = "<group>"; };
		9B8A6A780FD9775F00696B99 /* ORRuntime.h */ = {isa = PBXFileReference; fileEncoding = 4; lastKnownFileType = sourcecode.c.h; path = ORRuntime.h; sourceTree = "<group>"; };
		9B8A6A930FD9798100696B99 /* ORXMLDriver.h */ = {isa = PBXFileReference; fileEncoding = 4; lastKnownFileType = sourcecode.c.h; path = ORXMLDriver.h; sourceTree = "<group>"; };
		9B8A6A950FD979D500696B99 /* ORXMLWriter.h */ = {isa = PBXFileReference; fileEncoding = 4; lastKnownFileType = sourcecode.c.h; path = ORXMLWriter.h; sourceTree = "<group>"; };
		9B8A6AA70FD97B0900696B99 /* ORXMLReader.h */ = {isa = PBXFileReference; fileEncoding = 4; lastKnownFileType = sourcecode.c.h; path = ORXMLReader.h; sourceTree = "<group>"; };
		9B8A6AAE0FD97D3F00696B99 /* ORLibXmlDriver.h */ = {isa = PBXFileReference; fileEncoding = 4; lastKnownFileType = sourcecode.c.h; path = ORLibXmlDriver.h; sourceTree = "<group>"; };
		9B8A6AAF0FD97D3F00696B99 /* ORLibXmlDriver.m */ = {isa = PBXFileReference; fileEncoding = 4; lastKnownFileType = sourcecode.c.objc; path = ORLibXmlDriver.m; sourceTree = "<group>"; };
		9B8A6B310FD9829300696B99 /* ORLibXmlWriter.h */ = {isa = PBXFileReference; fileEncoding = 4; lastKnownFileType = sourcecode.c.h; path = ORLibXmlWriter.h; sourceTree = "<group>"; };
		9B8A6B320FD9829300696B99 /* ORLibXmlWriter.m */ = {isa = PBXFileReference; fileEncoding = 4; lastKnownFileType = sourcecode.c.objc; path = ORLibXmlWriter.m; sourceTree = "<group>"; };
		9BA4A6F11046F40100AF29DF /* ORMarshallingStrategy.h */ = {isa = PBXFileReference; fileEncoding = 4; lastKnownFileType = sourcecode.c.h; path = ORMarshallingStrategy.h; sourceTree = "<group>"; };
		9BA4A6F71046F5A100AF29DF /* ORTreeMarshallingStrategy.h */ = {isa = PBXFileReference; fileEncoding = 4; lastKnownFileType = sourcecode.c.h; path = ORTreeMarshallingStrategy.h; sourceTree = "<group>"; };
		9BA4A6F81046F5A100AF29DF /* ORTreeMarshallingStrategy.m */ = {isa = PBXFileReference; fileEncoding = 4; lastKnownFileType = sourcecode.c.objc; path = ORTreeMarshallingStrategy.m; sourceTree = "<group>"; };
		9BA4A7871047040000AF29DF /* ORTreeMarshaller.h */ = {isa = PBXFileReference; fileEncoding = 4; lastKnownFileType = sourcecode.c.h; path = ORTreeMarshaller.h; sourceTree = "<group>"; };
		9BA4A7881047040000AF29DF /* ORTreeMarshaller.m */ = {isa = PBXFileReference; fileEncoding = 4; lastKnownFileType = sourcecode.c.objc; path = ORTreeMarshaller.m; sourceTree = "<group>"; };
		9BA6ED6710502279003392EE /* ORDefaultObjectConverter.h */ = {isa = PBXFileReference; fileEncoding = 4; lastKnownFileType = sourcecode.c.h; path = ORDefaultObjectConverter.h; sourceTree = "<group>"; };
		9BA6ED6810502279003392EE /* ORDefaultObjectConverter.m */ = {isa = PBXFileReference; fileEncoding = 4; lastKnownFileType = sourcecode.c.objc; path = ORDefaultObjectConverter.m; sourceTree = "<group>"; };
		9BC0692C104C524C0050746A /* ORDataContext.h */ = {isa = PBXFileReference; fileEncoding = 4; lastKnownFileType = sourcecode.c.h; path = ORDataContext.h; sourceTree = "<group>"; };
		9BC0692D104C524C0050746A /* ORDataContext.m */ = {isa = PBXFileReference; fileEncoding = 4; lastKnownFileType = sourcecode.c.objc; path = ORDataContext.m; sourceTree = "<group>"; };
		9BC06A6C104DB7E40050746A /* Library.h */ = {isa = PBXFileReference; fileEncoding = 4; lastKnownFileType = sourcecode.c.h; path = Library.h; sourceTree = "<group>"; };
		9BC06A6D104DB7E40050746A /* Library.m */ = {isa = PBXFileReference; fileEncoding = 4; lastKnownFileType = sourcecode.c.objc; path = Library.m; sourceTree = "<group>"; };
		9BC06A9E104DC1650050746A /* ORDataDictionary.h */ = {isa = PBXFileReference; fileEncoding = 4; lastKnownFileType = sourcecode.c.h; path = ORDataDictionary.h; sourceTree = "<group>"; };
		9BC06A9F104DC1650050746A /* ORDataDictionary.m */ = {isa = PBXFileReference; fileEncoding = 4; lastKnownFileType = sourcecode.c.objc; path = ORDataDictionary.m; sourceTree = "<group>"; };
		9BC52B34104831DA00DC0B8B /* ORTreeUnmarshaller.h */ = {isa = PBXFileReference; fileEncoding = 4; lastKnownFileType = sourcecode.c.h; path = ORTreeUnmarshaller.h; sourceTree = "<group>"; };
		9BC52B35104831DA00DC0B8B /* ORTreeUnmarshaller.m */ = {isa = PBXFileReference; fileEncoding = 4; lastKnownFileType = sourcecode.c.objc; path = ORTreeUnmarshaller.m; sourceTree = "<group>"; };
		9BDDE18A0FDD8F8500D1312B /* ORXmlException.h */ = {isa = PBXFileReference; fileEncoding = 4; lastKnownFileType = sourcecode.c.h; path = ORXmlException.h; sourceTree = "<group>"; };
		9BDDE18B0FDD8F8500D1312B /* ORXmlException.m */ = {isa = PBXFileReference; fileEncoding = 4; lastKnownFileType = sourcecode.c.objc; path = ORXmlException.m; sourceTree = "<group>"; };
		9BDDE1A00FDD979000D1312B /* ORLibXmlNode.h */ = {isa = PBXFileReference; fileEncoding = 4; lastKnownFileType = sourcecode.c.h; path = ORLibXmlNode.h; sourceTree = "<group>"; };
		9BDDE1A10FDD979000D1312B /* ORLibXmlNode.m */ = {isa = PBXFileReference; fileEncoding = 4; lastKnownFileType = sourcecode.c.objc; path = ORLibXmlNode.m; sourceTree = "<group>"; };
		9BDDE20C0FDD9E5300D1312B /* ORStack.h */ = {isa = PBXFileReference; fileEncoding = 4; lastKnownFileType = sourcecode.c.h; path = ORStack.h; sourceTree = "<group>"; };
		9BDDE20D0FDD9E5300D1312B /* ORStack.m */ = {isa = PBXFileReference; fileEncoding = 4; lastKnownFileType = sourcecode.c.objc; path = ORStack.m; sourceTree = "<group>"; };
		9BF5D0B71045C993005966E2 /* ORConverterMatcher.h */ = {isa = PBXFileReference; fileEncoding = 4; lastKnownFileType = sourcecode.c.h; path = ORConverterMatcher.h; sourceTree = "<group>"; };
		9BF5D0B91045CA2B005966E2 /* ORSingleValueConverter.h */ = {isa = PBXFileReference; fileEncoding = 4; lastKnownFileType = sourcecode.c.h; path = ORSingleValueConverter.h; sourceTree = "<group>"; };
		9BF5D0BD1045CABB005966E2 /* ORConverter.h */ = {isa = PBXFileReference; fileEncoding = 4; lastKnownFileType = sourcecode.c.h; path = ORConverter.h; sourceTree = "<group>"; };
		9BF5D0C01045CBD6005966E2 /* ORContext.h */ = {isa = PBXFileReference; fileEncoding = 4; lastKnownFileType = sourcecode.c.h; path = ORContext.h; sourceTree = "<group>"; };
		9BF5D0C21045CC7C005966E2 /* ORMarshallingContext.h */ = {isa = PBXFileReference; fileEncoding = 4; lastKnownFileType = sourcecode.c.h; path = ORMarshallingContext.h; sourceTree = "<group>"; };
		9BF5D0C41045CCB8005966E2 /* ORUnmarshallingContext.h */ = {isa = PBXFileReference; fileEncoding = 4; lastKnownFileType = sourcecode.c.h; path = ORUnmarshallingContext.h; sourceTree = "<group>"; };
		9BF5D0CC1045CFEC005966E2 /* ORConverterProvider.h */ = {isa = PBXFileReference; fileEncoding = 4; lastKnownFileType = sourcecode.c.h; path = ORConverterProvider.h; sourceTree = "<group>"; };
		9BF5D0CE1045D043005966E2 /* ORConverterRegistry.h */ = {isa = PBXFileReference; fileEncoding = 4; lastKnownFileType = sourcecode.c.h; path = ORConverterRegistry.h; sourceTree = "<group>"; };
		9BF5D0D11045D100005966E2 /* ORDefaultConverterProvider.h */ = {isa = PBXFileReference; fileEncoding = 4; lastKnownFileType = sourcecode.c.h; path = ORDefaultConverterProvider.h; sourceTree = "<group>"; };
		9BF5D0D21045D100005966E2 /* ORDefaultConverterProvider.m */ = {isa = PBXFileReference; fileEncoding = 4; lastKnownFileType = sourcecode.c.objc; path = ORDefaultConverterProvider.m; sourceTree = "<group>"; };
		9BF5D0D61045D220005966E2 /* ORMapper.h */ = {isa = PBXFileReference; fileEncoding = 4; lastKnownFileType = sourcecode.c.h; path = ORMapper.h; sourceTree = "<group>"; };
		9BF5D0D71045D220005966E2 /* ORMapper.m */ = {isa = PBXFileReference; fileEncoding = 4; lastKnownFileType = sourcecode.c.objc; path = ORMapper.m; sourceTree = "<group>"; };
/* End PBXFileReference section */

/* Begin PBXFrameworksBuildPhase section */
		8D11072E0486CEB800E47090 /* Frameworks */ = {
			isa = PBXFrameworksBuildPhase;
			buildActionMask = 2147483647;
			files = (
				9B2059C70FD83B0E001CD2DF /* ORXml.framework in Frameworks */,
				8D11072F0486CEB800E47090 /* Cocoa.framework in Frameworks */,
			);
			runOnlyForDeploymentPostprocessing = 0;
		};
		9B846ABF0FD6FB6E00F2268B /* Frameworks */ = {
			isa = PBXFrameworksBuildPhase;
			buildActionMask = 2147483647;
			files = (
				9B846AD40FD6FC7500F2268B /* Cocoa.framework in Frameworks */,
				9B846AE30FD6FDC900F2268B /* libxml2.2.dylib in Frameworks */,
			);
			runOnlyForDeploymentPostprocessing = 0;
		};
/* End PBXFrameworksBuildPhase section */

/* Begin PBXGroup section */
		080E96DDFE201D6D7F000001 /* Classes */ = {
			isa = PBXGroup;
			children = (
				9B846ABA0FD6FADC00F2268B /* ORXml */,
				9B846AB00FD6FAD500F2268B /* Test.h */,
				9B846AB20FD6FAD600F2268B /* Test.m */,
				9B846AB50FD6FAD600F2268B /* Adress.h */,
				9B846AB30FD6FAD600F2268B /* Adress.m */,
				9B846AD50FD6FCA600F2268B /* AppDelegate.h */,
				9B846AD60FD6FCA600F2268B /* AppDelegate.m */,
				9BC06A6C104DB7E40050746A /* Library.h */,
				9BC06A6D104DB7E40050746A /* Library.m */,
			);
			name = Classes;
			sourceTree = "<group>";
		};
		1058C7A0FEA54F0111CA2CBB /* Linked Frameworks */ = {
			isa = PBXGroup;
			children = (
				1058C7A1FEA54F0111CA2CBB /* Cocoa.framework */,
			);
			name = "Linked Frameworks";
			sourceTree = "<group>";
		};
		1058C7A2FEA54F0111CA2CBB /* Other Frameworks */ = {
			isa = PBXGroup;
			children = (
				9B846AE20FD6FDC900F2268B /* libxml2.2.dylib */,
				29B97324FDCFA39411CA2CEA /* AppKit.framework */,
				13E42FB307B3F0F600E4EEF1 /* CoreData.framework */,
				29B97325FDCFA39411CA2CEA /* Foundation.framework */,
			);
			name = "Other Frameworks";
			sourceTree = "<group>";
		};
		19C28FACFE9D520D11CA2CBB /* Products */ = {
			isa = PBXGroup;
			children = (
				8D1107320486CEB800E47090 /* ORXmlApp.app */,
				9B846AC10FD6FB6E00F2268B /* ORXml.framework */,
			);
			name = Products;
			sourceTree = "<group>";
		};
		29B97314FDCFA39411CA2CEA /* ORXmlApp */ = {
			isa = PBXGroup;
			children = (
				080E96DDFE201D6D7F000001 /* Classes */,
				29B97315FDCFA39411CA2CEA /* Other Sources */,
				29B97317FDCFA39411CA2CEA /* Resources */,
				29B97323FDCFA39411CA2CEA /* Frameworks */,
				19C28FACFE9D520D11CA2CBB /* Products */,
			);
			name = ORXmlApp;
			sourceTree = "<group>";
		};
		29B97315FDCFA39411CA2CEA /* Other Sources */ = {
			isa = PBXGroup;
			children = (
				32CA4F630368D1EE00C91783 /* ORXmlApp_Prefix.pch */,
				29B97316FDCFA39411CA2CEA /* main.m */,
			);
			name = "Other Sources";
			sourceTree = "<group>";
		};
		29B97317FDCFA39411CA2CEA /* Resources */ = {
			isa = PBXGroup;
			children = (
				9B1A6C320FD868FA0088E7E7 /* license.txt */,
				9B846B280FD6FFA600F2268B /* TestFile.xml */,
				9B846AC20FD6FB6E00F2268B /* ORXml-Info.plist */,
				8D1107310486CEB800E47090 /* Info.plist */,
				089C165CFE840E0CC02AAC07 /* InfoPlist.strings */,
				1DDD58140DA1D0A300B32029 /* MainMenu.xib */,
			);
			name = Resources;
			sourceTree = "<group>";
		};
		29B97323FDCFA39411CA2CEA /* Frameworks */ = {
			isa = PBXGroup;
			children = (
				1058C7A0FEA54F0111CA2CBB /* Linked Frameworks */,
				1058C7A2FEA54F0111CA2CBB /* Other Frameworks */,
			);
			name = Frameworks;
			sourceTree = "<group>";
		};
		9B846ABA0FD6FADC00F2268B /* ORXml */ = {
			isa = PBXGroup;
			children = (
				9BF5D0D51045D212005966E2 /* Mapper */,
				9BF5D0B61045C973005966E2 /* Converter */,
				9BDDE2290FDDA0F400D1312B /* Core */,
				9B8A6AB20FD97D4600696B99 /* IO */,
				9B8A6A760FD9775F00696B99 /* ORXMLError.h */,
				9B846AB10FD6FAD600F2268B /* ORXMLSerializer.h */,
				9B846AB40FD6FAD600F2268B /* ORXMLSerializer.m */,
			);
			name = ORXml;
			sourceTree = "<group>";
		};
		9B8A6AB20FD97D4600696B99 /* IO */ = {
			isa = PBXGroup;
			children = (
				9B8A6AB50FD97D8E00696B99 /* Writer */,
				9B8A6AB40FD97D8500696B99 /* Reader */,
				9B8A6AB30FD97D6400696B99 /* Driver */,
				9B8A6A930FD9798100696B99 /* ORXMLDriver.h */,
				9B8A6A950FD979D500696B99 /* ORXMLWriter.h */,
				9B8A6AA70FD97B0900696B99 /* ORXMLReader.h */,
				9BDDE18A0FDD8F8500D1312B /* ORXmlException.h */,
				9BDDE18B0FDD8F8500D1312B /* ORXmlException.m */,
			);
			name = IO;
			sourceTree = "<group>";
		};
		9B8A6AB30FD97D6400696B99 /* Driver */ = {
			isa = PBXGroup;
			children = (
				9B8A6AAE0FD97D3F00696B99 /* ORLibXmlDriver.h */,
				9B8A6AAF0FD97D3F00696B99 /* ORLibXmlDriver.m */,
			);
			name = Driver;
			sourceTree = "<group>";
		};
		9B8A6AB40FD97D8500696B99 /* Reader */ = {
			isa = PBXGroup;
			children = (
				9B205A2A0FD83E5C001CD2DF /* ORLibXmlReader.h */,
				9B205A2B0FD83E5C001CD2DF /* ORLibXmlReader.m */,
				9BDDE1A00FDD979000D1312B /* ORLibXmlNode.h */,
				9BDDE1A10FDD979000D1312B /* ORLibXmlNode.m */,
			);
			name = Reader;
			sourceTree = "<group>";
		};
		9B8A6AB50FD97D8E00696B99 /* Writer */ = {
			isa = PBXGroup;
			children = (
				9B8A6B310FD9829300696B99 /* ORLibXmlWriter.h */,
				9B8A6B320FD9829300696B99 /* ORLibXmlWriter.m */,
			);
			name = Writer;
			sourceTree = "<group>";
		};
		9BA6ED66105021FC003392EE /* Base */ = {
			isa = PBXGroup;
			children = (
				9BA6ED6710502279003392EE /* ORDefaultObjectConverter.h */,
				9BA6ED6810502279003392EE /* ORDefaultObjectConverter.m */,
			);
			name = Base;
			sourceTree = "<group>";
		};
		9BDDE2290FDDA0F400D1312B /* Core */ = {
			isa = PBXGroup;
			children = (
				9BDDE22A0FDDA0FD00D1312B /* Utils */,
				9BF5D0D11045D100005966E2 /* ORDefaultConverterProvider.h */,
				9BF5D0D21045D100005966E2 /* ORDefaultConverterProvider.m */,
				9BA4A6F11046F40100AF29DF /* ORMarshallingStrategy.h */,
				9BA4A6F71046F5A100AF29DF /* ORTreeMarshallingStrategy.h */,
				9BA4A6F81046F5A100AF29DF /* ORTreeMarshallingStrategy.m */,
				9BA4A7871047040000AF29DF /* ORTreeMarshaller.h */,
				9BA4A7881047040000AF29DF /* ORTreeMarshaller.m */,
				9BC52B34104831DA00DC0B8B /* ORTreeUnmarshaller.h */,
				9BC52B35104831DA00DC0B8B /* ORTreeUnmarshaller.m */,
				9BC0692C104C524C0050746A /* ORDataContext.h */,
				9BC0692D104C524C0050746A /* ORDataContext.m */,
				9BC06A9E104DC1650050746A /* ORDataDictionary.h */,
				9BC06A9F104DC1650050746A /* ORDataDictionary.m */,
			);
			name = Core;
			sourceTree = "<group>";
		};
		9BDDE22A0FDDA0FD00D1312B /* Utils */ = {
			isa = PBXGroup;
			children = (
				9B8A6A780FD9775F00696B99 /* ORRuntime.h */,
				9B8A6A740FD9775F00696B99 /* ORRuntime.m */,
				9B8A6A770FD9775F00696B99 /* NSString+FormatCategory.h */,
				9B8A6A750FD9775F00696B99 /* NSString+FormatCategory.m */,
				9BDDE20C0FDD9E5300D1312B /* ORStack.h */,
				9BDDE20D0FDD9E5300D1312B /* ORStack.m */,
			);
			name = Utils;
			sourceTree = "<group>";
		};
		9BF5D0B61045C973005966E2 /* Converter */ = {
			isa = PBXGroup;
			children = (
				9BA6ED66105021FC003392EE /* Base */,
				9BF5D0B71045C993005966E2 /* ORConverterMatcher.h */,
				9BF5D0B91045CA2B005966E2 /* ORSingleValueConverter.h */,
				9BF5D0BD1045CABB005966E2 /* ORConverter.h */,
				9BF5D0C01045CBD6005966E2 /* ORContext.h */,
				9BF5D0C21045CC7C005966E2 /* ORMarshallingContext.h */,
				9BF5D0C41045CCB8005966E2 /* ORUnmarshallingContext.h */,
				9BF5D0CC1045CFEC005966E2 /* ORConverterProvider.h */,
				9BF5D0CE1045D043005966E2 /* ORConverterRegistry.h */,
			);
			name = Converter;
			sourceTree = "<group>";
		};
		9BF5D0D51045D212005966E2 /* Mapper */ = {
			isa = PBXGroup;
			children = (
				9BF5D0D61045D220005966E2 /* ORMapper.h */,
				9BF5D0D71045D220005966E2 /* ORMapper.m */,
			);
			name = Mapper;
			sourceTree = "<group>";
		};
/* End PBXGroup section */

/* Begin PBXHeadersBuildPhase section */
		9B846ABC0FD6FB6E00F2268B /* Headers */ = {
			isa = PBXHeadersBuildPhase;
			buildActionMask = 2147483647;
			files = (
				9B846ACB0FD6FBF800F2268B /* ORXMLSerializer.h in Headers */,
				9B205A2C0FD83E5C001CD2DF /* ORLibXmlReader.h in Headers */,
				9B8A6A7B0FD9775F00696B99 /* ORXMLError.h in Headers */,
				9B8A6A7C0FD9775F00696B99 /* NSString+FormatCategory.h in Headers */,
				9B8A6A7D0FD9775F00696B99 /* ORRuntime.h in Headers */,
				9B8A6A940FD9798100696B99 /* ORXMLDriver.h in Headers */,
				9B8A6A960FD979D500696B99 /* ORXMLWriter.h in Headers */,
				9B8A6AA80FD97B0900696B99 /* ORXMLReader.h in Headers */,
				9B8A6AB00FD97D3F00696B99 /* ORLibXmlDriver.h in Headers */,
				9B8A6B330FD9829300696B99 /* ORLibXmlWriter.h in Headers */,
				9BDDE18C0FDD8F8500D1312B /* ORXmlException.h in Headers */,
				9BDDE1A20FDD979000D1312B /* ORLibXmlNode.h in Headers */,
				9BDDE20E0FDD9E5300D1312B /* ORStack.h in Headers */,
				9BF5D0B81045C993005966E2 /* ORConverterMatcher.h in Headers */,
				9BF5D0BA1045CA2B005966E2 /* ORSingleValueConverter.h in Headers */,
				9BF5D0BE1045CABB005966E2 /* ORConverter.h in Headers */,
				9BF5D0C11045CBD6005966E2 /* ORContext.h in Headers */,
				9BF5D0C31045CC7C005966E2 /* ORMarshallingContext.h in Headers */,
				9BF5D0C51045CCB8005966E2 /* ORUnmarshallingContext.h in Headers */,
				9BF5D0CD1045CFEC005966E2 /* ORConverterProvider.h in Headers */,
				9BF5D0CF1045D043005966E2 /* ORConverterRegistry.h in Headers */,
				9BF5D0D31045D100005966E2 /* ORDefaultConverterProvider.h in Headers */,
				9BF5D0D81045D220005966E2 /* ORMapper.h in Headers */,
				9BA4A6F21046F40100AF29DF /* ORMarshallingStrategy.h in Headers */,
				9BA4A6F91046F5A100AF29DF /* ORTreeMarshallingStrategy.h in Headers */,
				9BA4A7891047040000AF29DF /* ORTreeMarshaller.h in Headers */,
				9BC52B36104831DA00DC0B8B /* ORTreeUnmarshaller.h in Headers */,
				9BC0692E104C524C0050746A /* ORDataContext.h in Headers */,
				9BC06AA0104DC1650050746A /* ORDataDictionary.h in Headers */,
				9BA6ED6910502279003392EE /* ORDefaultObjectConverter.h in Headers */,
			);
			runOnlyForDeploymentPostprocessing = 0;
		};
/* End PBXHeadersBuildPhase section */

/* Begin PBXNativeTarget section */
		8D1107260486CEB800E47090 /* ORXmlApp */ = {
			isa = PBXNativeTarget;
			buildConfigurationList = C01FCF4A08A954540054247B /* Build configuration list for PBXNativeTarget "ORXmlApp" */;
			buildPhases = (
				9B2059D10FD83B3B001CD2DF /* CopyFiles */,
				8D1107290486CEB800E47090 /* Resources */,
				8D11072C0486CEB800E47090 /* Sources */,
				8D11072E0486CEB800E47090 /* Frameworks */,
			);
			buildRules = (
			);
			dependencies = (
				9B846AC80FD6FBCF00F2268B /* PBXTargetDependency */,
			);
			name = ORXmlApp;
			productInstallPath = "$(HOME)/Applications";
			productName = ORXmlApp;
			productReference = 8D1107320486CEB800E47090 /* ORXmlApp.app */;
			productType = "com.apple.product-type.application";
		};
		9B846AC00FD6FB6E00F2268B /* ORXml */ = {
			isa = PBXNativeTarget;
			buildConfigurationList = 9B846AC50FD6FB6F00F2268B /* Build configuration list for PBXNativeTarget "ORXml" */;
			buildPhases = (
				9B846ABC0FD6FB6E00F2268B /* Headers */,
				9B846ABD0FD6FB6E00F2268B /* Resources */,
				9B846ABE0FD6FB6E00F2268B /* Sources */,
				9B846ABF0FD6FB6E00F2268B /* Frameworks */,
			);
			buildRules = (
			);
			dependencies = (
			);
			name = ORXml;
			productName = ORXml;
			productReference = 9B846AC10FD6FB6E00F2268B /* ORXml.framework */;
			productType = "com.apple.product-type.framework";
		};
/* End PBXNativeTarget section */

/* Begin PBXProject section */
		29B97313FDCFA39411CA2CEA /* Project object */ = {
			isa = PBXProject;
			buildConfigurationList = C01FCF4E08A954540054247B /* Build configuration list for PBXProject "ORXmlApp" */;
			compatibilityVersion = "Xcode 3.1";
			hasScannedForEncodings = 1;
			mainGroup = 29B97314FDCFA39411CA2CEA /* ORXmlApp */;
			projectDirPath = "";
			projectRoot = "";
			targets = (
				8D1107260486CEB800E47090 /* ORXmlApp */,
				9B846AC00FD6FB6E00F2268B /* ORXml */,
			);
		};
/* End PBXProject section */

/* Begin PBXResourcesBuildPhase section */
		8D1107290486CEB800E47090 /* Resources */ = {
			isa = PBXResourcesBuildPhase;
			buildActionMask = 2147483647;
			files = (
				8D11072B0486CEB800E47090 /* InfoPlist.strings in Resources */,
				1DDD58160DA1D0A300B32029 /* MainMenu.xib in Resources */,
				9B846B290FD6FFA600F2268B /* TestFile.xml in Resources */,
			);
			runOnlyForDeploymentPostprocessing = 0;
		};
		9B846ABD0FD6FB6E00F2268B /* Resources */ = {
			isa = PBXResourcesBuildPhase;
			buildActionMask = 2147483647;
			files = (
			);
			runOnlyForDeploymentPostprocessing = 0;
		};
/* End PBXResourcesBuildPhase section */

/* Begin PBXSourcesBuildPhase section */
		8D11072C0486CEB800E47090 /* Sources */ = {
			isa = PBXSourcesBuildPhase;
			buildActionMask = 2147483647;
			files = (
				8D11072D0486CEB800E47090 /* main.m in Sources */,
				9B846AB60FD6FAD600F2268B /* Test.m in Sources */,
				9B846AB70FD6FAD600F2268B /* Adress.m in Sources */,
				9B846AD70FD6FCA600F2268B /* AppDelegate.m in Sources */,
				9BC06A6E104DB7E40050746A /* Library.m in Sources */,
			);
			runOnlyForDeploymentPostprocessing = 0;
		};
		9B846ABE0FD6FB6E00F2268B /* Sources */ = {
			isa = PBXSourcesBuildPhase;
			buildActionMask = 2147483647;
			files = (
				9B846AC90FD6FBE400F2268B /* ORXMLSerializer.m in Sources */,
				9B205A2D0FD83E5C001CD2DF /* ORLibXmlReader.m in Sources */,
				9B8A6A790FD9775F00696B99 /* ORRuntime.m in Sources */,
				9B8A6A7A0FD9775F00696B99 /* NSString+FormatCategory.m in Sources */,
				9B8A6AB10FD97D3F00696B99 /* ORLibXmlDriver.m in Sources */,
				9B8A6B340FD9829300696B99 /* ORLibXmlWriter.m in Sources */,
				9BDDE18D0FDD8F8500D1312B /* ORXmlException.m in Sources */,
				9BDDE1A30FDD979000D1312B /* ORLibXmlNode.m in Sources */,
				9BDDE20F0FDD9E5300D1312B /* ORStack.m in Sources */,
				9BF5D0D41045D100005966E2 /* ORDefaultConverterProvider.m in Sources */,
				9BF5D0D91045D220005966E2 /* ORMapper.m in Sources */,
				9BA4A6FA1046F5A100AF29DF /* ORTreeMarshallingStrategy.m in Sources */,
				9BA4A78A1047040000AF29DF /* ORTreeMarshaller.m in Sources */,
				9BC52B37104831DA00DC0B8B /* ORTreeUnmarshaller.m in Sources */,
				9BC0692F104C524C0050746A /* ORDataContext.m in Sources */,
				9BC06AA1104DC1650050746A /* ORDataDictionary.m in Sources */,
				9BA6ED6A10502279003392EE /* ORDefaultObjectConverter.m in Sources */,
			);
			runOnlyForDeploymentPostprocessing = 0;
		};
/* End PBXSourcesBuildPhase section */

/* Begin PBXTargetDependency section */
		9B846AC80FD6FBCF00F2268B /* PBXTargetDependency */ = {
			isa = PBXTargetDependency;
			target = 9B846AC00FD6FB6E00F2268B /* ORXml */;
			targetProxy = 9B846AC70FD6FBCF00F2268B /* PBXContainerItemProxy */;
		};
/* End PBXTargetDependency section */

/* Begin PBXVariantGroup section */
		089C165CFE840E0CC02AAC07 /* InfoPlist.strings */ = {
			isa = PBXVariantGroup;
			children = (
				089C165DFE840E0CC02AAC07 /* English */,
			);
			name = InfoPlist.strings;
			sourceTree = "<group>";
		};
		1DDD58140DA1D0A300B32029 /* MainMenu.xib */ = {
			isa = PBXVariantGroup;
			children = (
				1DDD58150DA1D0A300B32029 /* English */,
			);
			name = MainMenu.xib;
			sourceTree = "<group>";
		};
/* End PBXVariantGroup section */

/* Begin XCBuildConfiguration section */
		9B846AC30FD6FB6F00F2268B /* Debug */ = {
			isa = XCBuildConfiguration;
			buildSettings = {
				ALWAYS_SEARCH_USER_PATHS = NO;
				COPY_PHASE_STRIP = NO;
				DYLIB_COMPATIBILITY_VERSION = 1;
				DYLIB_CURRENT_VERSION = 1;
				FRAMEWORK_VERSION = A;
				GCC_DYNAMIC_NO_PIC = NO;
				GCC_ENABLE_FIX_AND_CONTINUE = YES;
				GCC_MODEL_TUNING = G5;
				GCC_OPTIMIZATION_LEVEL = 0;
				GCC_PRECOMPILE_PREFIX_HEADER = YES;
				GCC_PREFIX_HEADER = "$(SYSTEM_LIBRARY_DIR)/Frameworks/AppKit.framework/Headers/AppKit.h";
				HEADER_SEARCH_PATHS = "/usr/include/libxml2/**";
				INFOPLIST_FILE = "ORXml-Info.plist";
				INSTALL_PATH = "@executable_path/../Frameworks";
				OTHER_LDFLAGS = (
					"-framework",
					Foundation,
					"-framework",
					AppKit,
				);
				PREBINDING = NO;
				PRODUCT_NAME = ORXml;
			};
			name = Debug;
		};
		9B846AC40FD6FB6F00F2268B /* Release */ = {
			isa = XCBuildConfiguration;
			buildSettings = {
				ALWAYS_SEARCH_USER_PATHS = NO;
				COPY_PHASE_STRIP = YES;
				DEBUG_INFORMATION_FORMAT = "dwarf-with-dsym";
				DYLIB_COMPATIBILITY_VERSION = 1;
				DYLIB_CURRENT_VERSION = 1;
				FRAMEWORK_VERSION = A;
				GCC_ENABLE_FIX_AND_CONTINUE = NO;
				GCC_MODEL_TUNING = G5;
				GCC_PRECOMPILE_PREFIX_HEADER = YES;
				GCC_PREFIX_HEADER = "$(SYSTEM_LIBRARY_DIR)/Frameworks/AppKit.framework/Headers/AppKit.h";
				HEADER_SEARCH_PATHS = "/usr/include/libxml2/**";
				INFOPLIST_FILE = "ORXml-Info.plist";
				INSTALL_PATH = "@executable_path/../Frameworks";
				OTHER_LDFLAGS = (
					"-framework",
					Foundation,
					"-framework",
					AppKit,
				);
				PREBINDING = NO;
				PRODUCT_NAME = ORXml;
				ZERO_LINK = NO;
			};
			name = Release;
		};
		C01FCF4B08A954540054247B /* Debug */ = {
			isa = XCBuildConfiguration;
			buildSettings = {
				ALWAYS_SEARCH_USER_PATHS = NO;
				COPY_PHASE_STRIP = NO;
				GCC_DYNAMIC_NO_PIC = NO;
				GCC_ENABLE_FIX_AND_CONTINUE = YES;
				GCC_MODEL_TUNING = G5;
				GCC_OPTIMIZATION_LEVEL = 0;
				GCC_PRECOMPILE_PREFIX_HEADER = YES;
				GCC_PREFIX_HEADER = ORXmlApp_Prefix.pch;
				HEADER_SEARCH_PATHS = "";
				INFOPLIST_FILE = Info.plist;
				INSTALL_PATH = "$(HOME)/Applications";
				PRODUCT_NAME = ORXmlApp;
			};
			name = Debug;
		};
		C01FCF4C08A954540054247B /* Release */ = {
			isa = XCBuildConfiguration;
			buildSettings = {
				ALWAYS_SEARCH_USER_PATHS = NO;
				DEBUG_INFORMATION_FORMAT = "dwarf-with-dsym";
				GCC_MODEL_TUNING = G5;
				GCC_PRECOMPILE_PREFIX_HEADER = YES;
				GCC_PREFIX_HEADER = ORXmlApp_Prefix.pch;
				HEADER_SEARCH_PATHS = "";
				INFOPLIST_FILE = Info.plist;
				INSTALL_PATH = "$(HOME)/Applications";
				PRODUCT_NAME = ORXmlApp;
			};
			name = Release;
		};
		C01FCF4F08A954540054247B /* Debug */ = {
			isa = XCBuildConfiguration;
			buildSettings = {
				ARCHS = "$(ARCHS_STANDARD_32_BIT)";
				GCC_C_LANGUAGE_STANDARD = c99;
				GCC_OPTIMIZATION_LEVEL = 0;
				GCC_TREAT_WARNINGS_AS_ERRORS = YES;
				GCC_WARN_ABOUT_RETURN_TYPE = YES;
				GCC_WARN_UNUSED_VARIABLE = YES;
				HEADER_SEARCH_PATHS = "";
				ONLY_ACTIVE_ARCH = YES;
				PREBINDING = NO;
				SDKROOT = macosx10.5;
			};
			name = Debug;
		};
		C01FCF5008A954540054247B /* Release */ = {
			isa = XCBuildConfiguration;
			buildSettings = {
				ARCHS = "$(ARCHS_STANDARD_32_BIT)";
				GCC_C_LANGUAGE_STANDARD = c99;
				GCC_TREAT_WARNINGS_AS_ERRORS = YES;
				GCC_WARN_ABOUT_RETURN_TYPE = YES;
				GCC_WARN_UNUSED_VARIABLE = YES;
				HEADER_SEARCH_PATHS = "";
				PREBINDING = NO;
				SDKROOT = macosx10.5;
			};
			name = Release;
		};
/* End XCBuildConfiguration section */

/* Begin XCConfigurationList section */
		9B846AC50FD6FB6F00F2268B /* Build configuration list for PBXNativeTarget "ORXml" */ = {
			isa = XCConfigurationList;
			buildConfigurations = (
				9B846AC30FD6FB6F00F2268B /* Debug */,
				9B846AC40FD6FB6F00F2268B /* Release */,
			);
			defaultConfigurationIsVisible = 0;
			defaultConfigurationName = Release;
		};
		C01FCF4A08A954540054247B /* Build configuration list for PBXNativeTarget "ORXmlApp" */ = {
			isa = XCConfigurationList;
			buildConfigurations = (
				C01FCF4B08A954540054247B /* Debug */,
				C01FCF4C08A954540054247B /* Release */,
			);
			defaultConfigurationIsVisible = 0;
			defaultConfigurationName = Release;
		};
		C01FCF4E08A954540054247B /* Build configuration list for PBXProject "ORXmlApp" */ = {
			isa = XCConfigurationList;
			buildConfigurations = (
				C01FCF4F08A954540054247B /* Debug */,
				C01FCF5008A954540054247B /* Release */,
			);
			defaultConfigurationIsVisible = 0;
			defaultConfigurationName = Release;
		};
/* End XCConfigurationList section */
	};
	rootObject = 29B97313FDCFA39411CA2CEA /* Project object */;
}
